
Microsoft Visual Studio Solution File, Format Version 12.00
# Visual Studio 15
VisualStudioVersion = 15.0.27130.2010
MinimumVisualStudioVersion = 10.0.40219.1
Project("{FAE04EC0-301F-11D3-BF4B-00C04F79EFBC}") = "InterlockedIncrement_Example", "InterlockedIncrement_Example.csproj", "{925DF165-9DA1-4CD6-AE5B-7F6EFF138CE0}"
EndProject
Project("{FAE04EC0-301F-11D3-BF4B-00C04F79EFBC}") = "AutoResetEvent", "..\ConsoleApp2\AutoResetEvent.csproj", "{F54E60F4-2BB0-4722-BDEF-1F2FBB1F859D}"
EndProject
Project("{FAE04EC0-301F-11D3-BF4B-00C04F79EFBC}") = "InterlockedExchange_Example", "..\ConsoleApp\InterlockedExchange_Example\InterlockedExchange_Example.csproj", "{D32DD300-EE61-482E-BBE3-2BA369AEE37B}"
EndProject
Project("{FAE04EC0-301F-11D3-BF4B-00C04F79EFBC}") = "lockStatementExample", "lockStatementExample\lockStatementExample.csproj", "{709827CF-F9EA-4937-9E80-684200015295}"
EndProject
Global
	GlobalSection(SolutionConfigurationPlatforms) = preSolution
		Debug|Any CPU = Debug|Any CPU
		Release|Any CPU = Release|Any CPU
	EndGlobalSection
	GlobalSection(ProjectConfigurationPlatforms) = postSolution
		{925DF165-9DA1-4CD6-AE5B-7F6EFF138CE0}.Debug|Any CPU.ActiveCfg = Debug|Any CPU
		{925DF165-9DA1-4CD6-AE5B-7F6EFF138CE0}.Debug|Any CPU.Build.0 = Debug|Any CPU
		{925DF165-9DA1-4CD6-AE5B-7F6EFF138CE0}.Release|Any CPU.ActiveCfg = Release|Any CPU
		{925DF165-9DA1-4CD6-AE5B-7F6EFF138CE0}.Release|Any CPU.Build.0 = Release|Any CPU
		{F54E60F4-2BB0-4722-BDEF-1F2FBB1F859D}.Debug|Any CPU.ActiveCfg = Debug|Any CPU
		{F54E60F4-2BB0-4722-BDEF-1F2FBB1F859D}.Debug|Any CPU.Build.0 = Debug|Any CPU
		{F54E60F4-2BB0-4722-BDEF-1F2FBB1F859D}.Release|Any CPU.ActiveCfg = Release|Any CPU
		{F54E60F4-2BB0-4722-BDEF-1F2FBB1F859D}.Release|Any CPU.Build.0 = Release|Any CPU
		{D32DD300-EE61-482E-BBE3-2BA369AEE37B}.Debug|Any CPU.ActiveCfg = Debug|Any CPU
		{D32DD300-EE61-482E-BBE3-2BA369AEE37B}.Debug|Any CPU.Build.0 = Debug|Any CPU
		{D32DD300-EE61-482E-BBE3-2BA369AEE37B}.Release|Any CPU.ActiveCfg = Release|Any CPU
		{D32DD300-EE61-482E-BBE3-2BA369AEE37B}.Release|Any CPU.Build.0 = Release|Any CPU
		{709827CF-F9EA-4937-9E80-684200015295}.Debug|Any CPU.ActiveCfg = Debug|Any CPU
		{709827CF-F9EA-4937-9E80-684200015295}.Debug|Any CPU.Build.0 = Debug|Any CPU
		{709827CF-F9EA-4937-9E80-684200015295}.Release|Any CPU.ActiveCfg = Release|Any CPU
		{709827CF-F9EA-4937-9E80-684200015295}.Release|Any CPU.Build.0 = Release|Any CPU
	EndGlobalSection
	GlobalSection(SolutionProperties) = preSolution
		HideSolutionNode = FALSE
	EndGlobalSection
	GlobalSection(ExtensibilityGlobals) = postSolution
		SolutionGuid = {896B46A5-5AA9-4516-9E03-12EFC5F2CBC1}
	EndGlobalSection
EndGlobal
